PODS:
  - GooglePlaces (7.1.0)

DEPENDENCIES:
  - GooglePlaces (= 7.1.0)

SPEC REPOS:
  https://github.com/CocoaPods/Specs.git:
    - GooglePlaces

SPEC CHECKSUMS:
  GooglePlaces: 187946335ec3dc624de71c0a9ddcc712f19b0ee1

PODFILE CHECKSUM: 6f851ac3a80d55cf6c072999d6077a29051671bf

COCOAPODS: 1.11.3
