// !$*UTF8*$!
{
	archiveVersion = 1;
	classes = {
	};
	objectVersion = 56;
	objects = {

/* Begin PBXBuildFile section */
		D11E935A28E0C05700083E12 /* DataManager.framework in Frameworks */ = {isa = PBXBuildFile; fileRef = D11E935928E0C05700083E12 /* DataManager.framework */; };
		D11E935B28E0C05700083E12 /* DataManager.framework in Embed Frameworks */ = {isa = PBXBuildFile; fileRef = D11E935928E0C05700083E12 /* DataManager.framework */; settings = {ATTRIBUTES = (CodeSignOnCopy, RemoveHeadersOnCopy, ); }; };
		D12009BA28E0BD4C00BE55EC /* AppDelegate.swift in Sources */ = {isa = PBXBuildFile; fileRef = D12009B928E0BD4C00BE55EC /* AppDelegate.swift */; };
		D12009BC28E0BD4C00BE55EC /* SceneDelegate.swift in Sources */ = {isa = PBXBuildFile; fileRef = D12009BB28E0BD4C00BE55EC /* SceneDelegate.swift */; };
		D12009BE28E0BD4C00BE55EC /* ViewController.swift in Sources */ = {isa = PBXBuildFile; fileRef = D12009BD28E0BD4C00BE55EC /* ViewController.swift */; };
		D12009C128E0BD4C00BE55EC /* Main.storyboard in Resources */ = {isa = PBXBuildFile; fileRef = D12009BF28E0BD4C00BE55EC /* Main.storyboard */; };
		D12009C428E0BD4C00BE55EC /* WeatherApp.xcdatamodeld in Sources */ = {isa = PBXBuildFile; fileRef = D12009C228E0BD4C00BE55EC /* WeatherApp.xcdatamodeld */; };
		D12009C628E0BD4D00BE55EC /* Assets.xcassets in Resources */ = {isa = PBXBuildFile; fileRef = D12009C528E0BD4D00BE55EC /* Assets.xcassets */; };
		D12009C928E0BD4D00BE55EC /* LaunchScreen.storyboard in Resources */ = {isa = PBXBuildFile; fileRef = D12009C728E0BD4D00BE55EC /* LaunchScreen.storyboard */; };
		D12009D428E0BD4D00BE55EC /* WeatherAppTests.swift in Sources */ = {isa = PBXBuildFile; fileRef = D12009D328E0BD4D00BE55EC /* WeatherAppTests.swift */; };
		D12009DE28E0BD4D00BE55EC /* WeatherAppUITests.swift in Sources */ = {isa = PBXBuildFile; fileRef = D12009DD28E0BD4D00BE55EC /* WeatherAppUITests.swift */; };
		D12009E028E0BD4D00BE55EC /* WeatherAppUITestsLaunchTests.swift in Sources */ = {isa = PBXBuildFile; fileRef = D12009DF28E0BD4D00BE55EC /* WeatherAppUITestsLaunchTests.swift */; };
		D1E2D59228E1C56400FF705D /* CityListHostingController.swift in Sources */ = {isa = PBXBuildFile; fileRef = D1E2D59128E1C56400FF705D /* CityListHostingController.swift */; };
		D1E2D59428E1C5A000FF705D /* CityListView.swift in Sources */ = {isa = PBXBuildFile; fileRef = D1E2D59328E1C5A000FF705D /* CityListView.swift */; };
		D1E2D59628E1C5D400FF705D /* CityListViewModel.swift in Sources */ = {isa = PBXBuildFile; fileRef = D1E2D59528E1C5D400FF705D /* CityListViewModel.swift */; };
		D1E40DBE28E10D7C008FC98A /* DataManager.swift in Sources */ = {isa = PBXBuildFile; fileRef = D1E40DBD28E10D7C008FC98A /* DataManager.swift */; };
		D1E40DC028E10E4D008FC98A /* APIManager.swift in Sources */ = {isa = PBXBuildFile; fileRef = D1E40DBF28E10E4D008FC98A /* APIManager.swift */; };
		D1E40DCC28E13A10008FC98A /* CityForcastHostingController.swift in Sources */ = {isa = PBXBuildFile; fileRef = D1E40DCB28E13A10008FC98A /* CityForcastHostingController.swift */; };
		D1E40DCE28E13A6B008FC98A /* CityForcastView.swift in Sources */ = {isa = PBXBuildFile; fileRef = D1E40DCD28E13A6B008FC98A /* CityForcastView.swift */; };
		D1E40DD028E13C4A008FC98A /* CityForcastViewModel.swift in Sources */ = {isa = PBXBuildFile; fileRef = D1E40DCF28E13C49008FC98A /* CityForcastViewModel.swift */; };
		D1E40DD328E13D81008FC98A /* HomeCityHostingController.swift in Sources */ = {isa = PBXBuildFile; fileRef = D1E40DD228E13D81008FC98A /* HomeCityHostingController.swift */; };
		D1E40DD528E13DA3008FC98A /* HomeCityViewModel.swift in Sources */ = {isa = PBXBuildFile; fileRef = D1E40DD428E13DA3008FC98A /* HomeCityViewModel.swift */; };
		D1E40DD728E13DB5008FC98A /* HomeCityView.swift in Sources */ = {isa = PBXBuildFile; fileRef = D1E40DD628E13DB5008FC98A /* HomeCityView.swift */; };
/* End PBXBuildFile section */

/* Begin PBXContainerItemProxy section */
		D12009D028E0BD4D00BE55EC /* PBXContainerItemProxy */ = {
			isa = PBXContainerItemProxy;
			containerPortal = D12009AE28E0BD4C00BE55EC /* Project object */;
			proxyType = 1;
			remoteGlobalIDString = D12009B528E0BD4C00BE55EC;
			remoteInfo = WeatherApp;
		};
		D12009DA28E0BD4D00BE55EC /* PBXContainerItemProxy */ = {
			isa = PBXContainerItemProxy;
			containerPortal = D12009AE28E0BD4C00BE55EC /* Project object */;
			proxyType = 1;
			remoteGlobalIDString = D12009B528E0BD4C00BE55EC;
			remoteInfo = WeatherApp;
		};
/* End PBXContainerItemProxy section */

/* Begin PBXCopyFilesBuildPhase section */
		D11E935C28E0C05700083E12 /* Embed Frameworks */ = {
			isa = PBXCopyFilesBuildPhase;
			buildActionMask = 2147483647;
			dstPath = "";
			dstSubfolderSpec = 10;
			files = (
				D11E935B28E0C05700083E12 /* DataManager.framework in Embed Frameworks */,
			);
			name = "Embed Frameworks";
			runOnlyForDeploymentPostprocessing = 0;
		};
/* End PBXCopyFilesBuildPhase section */

/* Begin PBXFileReference section */
		D11E935928E0C05700083E12 /* DataManager.framework */ = {isa = PBXFileReference; explicitFileType = wrapper.framework; path = DataManager.framework; sourceTree = BUILT_PRODUCTS_DIR; };
		D12009B628E0BD4C00BE55EC /* WeatherApp.app */ = {isa = PBXFileReference; explicitFileType = wrapper.application; includeInIndex = 0; path = WeatherApp.app; sourceTree = BUILT_PRODUCTS_DIR; };
		D12009B928E0BD4C00BE55EC /* AppDelegate.swift */ = {isa = PBXFileReference; lastKnownFileType = sourcecode.swift; path = AppDelegate.swift; sourceTree = "<group>"; };
		D12009BB28E0BD4C00BE55EC /* SceneDelegate.swift */ = {isa = PBXFileReference; lastKnownFileType = sourcecode.swift; path = SceneDelegate.swift; sourceTree = "<group>"; };
		D12009BD28E0BD4C00BE55EC /* ViewController.swift */ = {isa = PBXFileReference; lastKnownFileType = sourcecode.swift; path = ViewController.swift; sourceTree = "<group>"; };
		D12009C028E0BD4C00BE55EC /* Base */ = {isa = PBXFileReference; lastKnownFileType = file.storyboard; name = Base; path = Base.lproj/Main.storyboard; sourceTree = "<group>"; };
		D12009C328E0BD4C00BE55EC /* WeatherApp.xcdatamodel */ = {isa = PBXFileReference; lastKnownFileType = wrapper.xcdatamodel; path = WeatherApp.xcdatamodel; sourceTree = "<group>"; };
		D12009C528E0BD4D00BE55EC /* Assets.xcassets */ = {isa = PBXFileReference; lastKnownFileType = folder.assetcatalog; path = Assets.xcassets; sourceTree = "<group>"; };
		D12009C828E0BD4D00BE55EC /* Base */ = {isa = PBXFileReference; lastKnownFileType = file.storyboard; name = Base; path = Base.lproj/LaunchScreen.storyboard; sourceTree = "<group>"; };
		D12009CA28E0BD4D00BE55EC /* Info.plist */ = {isa = PBXFileReference; lastKnownFileType = text.plist.xml; path = Info.plist; sourceTree = "<group>"; };
		D12009CF28E0BD4D00BE55EC /* WeatherAppTests.xctest */ = {isa = PBXFileReference; explicitFileType = wrapper.cfbundle; includeInIndex = 0; path = WeatherAppTests.xctest; sourceTree = BUILT_PRODUCTS_DIR; };
		D12009D328E0BD4D00BE55EC /* WeatherAppTests.swift */ = {isa = PBXFileReference; lastKnownFileType = sourcecode.swift; path = WeatherAppTests.swift; sourceTree = "<group>"; };
		D12009D928E0BD4D00BE55EC /* WeatherAppUITests.xctest */ = {isa = PBXFileReference; explicitFileType = wrapper.cfbundle; includeInIndex = 0; path = WeatherAppUITests.xctest; sourceTree = BUILT_PRODUCTS_DIR; };
		D12009DD28E0BD4D00BE55EC /* WeatherAppUITests.swift */ = {isa = PBXFileReference; lastKnownFileType = sourcecode.swift; path = WeatherAppUITests.swift; sourceTree = "<group>"; };
		D12009DF28E0BD4D00BE55EC /* WeatherAppUITestsLaunchTests.swift */ = {isa = PBXFileReference; lastKnownFileType = sourcecode.swift; path = WeatherAppUITestsLaunchTests.swift; sourceTree = "<group>"; };
		D1E2D59128E1C56400FF705D /* CityListHostingController.swift */ = {isa = PBXFileReference; lastKnownFileType = sourcecode.swift; path = CityListHostingController.swift; sourceTree = "<group>"; };
		D1E2D59328E1C5A000FF705D /* CityListView.swift */ = {isa = PBXFileReference; lastKnownFileType = sourcecode.swift; path = CityListView.swift; sourceTree = "<group>"; };
		D1E2D59528E1C5D400FF705D /* CityListViewModel.swift */ = {isa = PBXFileReference; lastKnownFileType = sourcecode.swift; path = CityListViewModel.swift; sourceTree = "<group>"; };
		D1E40DBD28E10D7C008FC98A /* DataManager.swift */ = {isa = PBXFileReference; lastKnownFileType = sourcecode.swift; path = DataManager.swift; sourceTree = "<group>"; };
		D1E40DBF28E10E4D008FC98A /* APIManager.swift */ = {isa = PBXFileReference; lastKnownFileType = sourcecode.swift; path = APIManager.swift; sourceTree = "<group>"; };
		D1E40DCB28E13A10008FC98A /* CityForcastHostingController.swift */ = {isa = PBXFileReference; lastKnownFileType = sourcecode.swift; path = CityForcastHostingController.swift; sourceTree = "<group>"; };
		D1E40DCD28E13A6B008FC98A /* CityForcastView.swift */ = {isa = PBXFileReference; lastKnownFileType = sourcecode.swift; path = CityForcastView.swift; sourceTree = "<group>"; };
		D1E40DCF28E13C49008FC98A /* CityForcastViewModel.swift */ = {isa = PBXFileReference; lastKnownFileType = sourcecode.swift; path = CityForcastViewModel.swift; sourceTree = "<group>"; };
		D1E40DD228E13D81008FC98A /* HomeCityHostingController.swift */ = {isa = PBXFileReference; lastKnownFileType = sourcecode.swift; path = HomeCityHostingController.swift; sourceTree = "<group>"; };
		D1E40DD428E13DA3008FC98A /* HomeCityViewModel.swift */ = {isa = PBXFileReference; lastKnownFileType = sourcecode.swift; path = HomeCityViewModel.swift; sourceTree = "<group>"; };
		D1E40DD628E13DB5008FC98A /* HomeCityView.swift */ = {isa = PBXFileReference; lastKnownFileType = sourcecode.swift; path = HomeCityView.swift; sourceTree = "<group>"; };
/* End PBXFileReference section */

/* Begin PBXFrameworksBuildPhase section */
		D12009B328E0BD4C00BE55EC /* Frameworks */ = {
			isa = PBXFrameworksBuildPhase;
			buildActionMask = 2147483647;
			files = (
				D11E935A28E0C05700083E12 /* DataManager.framework in Frameworks */,
			);
			runOnlyForDeploymentPostprocessing = 0;
		};
		D12009CC28E0BD4D00BE55EC /* Frameworks */ = {
			isa = PBXFrameworksBuildPhase;
			buildActionMask = 2147483647;
			files = (
			);
			runOnlyForDeploymentPostprocessing = 0;
		};
		D12009D628E0BD4D00BE55EC /* Frameworks */ = {
			isa = PBXFrameworksBuildPhase;
			buildActionMask = 2147483647;
			files = (
			);
			runOnlyForDeploymentPostprocessing = 0;
		};
/* End PBXFrameworksBuildPhase section */

/* Begin PBXGroup section */
		D11E935828E0C05700083E12 /* Frameworks */ = {
			isa = PBXGroup;
			children = (
				D11E935928E0C05700083E12 /* DataManager.framework */,
			);
			name = Frameworks;
			sourceTree = "<group>";
		};
		D11E935D28E0D8A700083E12 /* CityForcast */ = {
			isa = PBXGroup;
			children = (
				D1E40DCB28E13A10008FC98A /* CityForcastHostingController.swift */,
				D1E40DCD28E13A6B008FC98A /* CityForcastView.swift */,
				D1E40DCF28E13C49008FC98A /* CityForcastViewModel.swift */,
			);
			path = CityForcast;
			sourceTree = "<group>";
		};
		D11E935E28E0D8B100083E12 /* CityList */ = {
			isa = PBXGroup;
			children = (
				D1E2D59128E1C56400FF705D /* CityListHostingController.swift */,
				D1E2D59328E1C5A000FF705D /* CityListView.swift */,
				D1E2D59528E1C5D400FF705D /* CityListViewModel.swift */,
			);
			path = CityList;
			sourceTree = "<group>";
		};
		D11E935F28E0D8B700083E12 /* CityAdd */ = {
			isa = PBXGroup;
			children = (
			);
			path = CityAdd;
			sourceTree = "<group>";
		};
		D12009AD28E0BD4C00BE55EC = {
			isa = PBXGroup;
			children = (
				D12009B828E0BD4C00BE55EC /* WeatherApp */,
				D12009D228E0BD4D00BE55EC /* WeatherAppTests */,
				D12009DC28E0BD4D00BE55EC /* WeatherAppUITests */,
				D12009B728E0BD4C00BE55EC /* Products */,
				D11E935828E0C05700083E12 /* Frameworks */,
			);
			sourceTree = "<group>";
		};
		D12009B728E0BD4C00BE55EC /* Products */ = {
			isa = PBXGroup;
			children = (
				D12009B628E0BD4C00BE55EC /* WeatherApp.app */,
				D12009CF28E0BD4D00BE55EC /* WeatherAppTests.xctest */,
				D12009D928E0BD4D00BE55EC /* WeatherAppUITests.xctest */,
			);
			name = Products;
			sourceTree = "<group>";
		};
		D12009B828E0BD4C00BE55EC /* WeatherApp */ = {
			isa = PBXGroup;
			children = (
				D1E40DBA28E10D2F008FC98A /* Managers */,
				D1E40DD128E13D2F008FC98A /* HomeCity */,
				D11E935F28E0D8B700083E12 /* CityAdd */,
				D11E935E28E0D8B100083E12 /* CityList */,
				D11E935D28E0D8A700083E12 /* CityForcast */,
				D12009B928E0BD4C00BE55EC /* AppDelegate.swift */,
				D12009BB28E0BD4C00BE55EC /* SceneDelegate.swift */,
				D12009BD28E0BD4C00BE55EC /* ViewController.swift */,
				D12009BF28E0BD4C00BE55EC /* Main.storyboard */,
				D12009C528E0BD4D00BE55EC /* Assets.xcassets */,
				D12009C728E0BD4D00BE55EC /* LaunchScreen.storyboard */,
				D12009CA28E0BD4D00BE55EC /* Info.plist */,
				D12009C228E0BD4C00BE55EC /* WeatherApp.xcdatamodeld */,
			);
			path = WeatherApp;
			sourceTree = "<group>";
		};
		D12009D228E0BD4D00BE55EC /* WeatherAppTests */ = {
			isa = PBXGroup;
			children = (
				D12009D328E0BD4D00BE55EC /* WeatherAppTests.swift */,
			);
			path = WeatherAppTests;
			sourceTree = "<group>";
		};
		D12009DC28E0BD4D00BE55EC /* WeatherAppUITests */ = {
			isa = PBXGroup;
			children = (
				D12009DD28E0BD4D00BE55EC /* WeatherAppUITests.swift */,
				D12009DF28E0BD4D00BE55EC /* WeatherAppUITestsLaunchTests.swift */,
			);
			path = WeatherAppUITests;
			sourceTree = "<group>";
		};
		D1E40DBA28E10D2F008FC98A /* Managers */ = {
			isa = PBXGroup;
			children = (
				D1E40DBD28E10D7C008FC98A /* DataManager.swift */,
				D1E40DBF28E10E4D008FC98A /* APIManager.swift */,
			);
			path = Managers;
			sourceTree = "<group>";
		};
		D1E40DD128E13D2F008FC98A /* HomeCity */ = {
			isa = PBXGroup;
			children = (
				D1E40DD228E13D81008FC98A /* HomeCityHostingController.swift */,
				D1E40DD628E13DB5008FC98A /* HomeCityView.swift */,
				D1E40DD428E13DA3008FC98A /* HomeCityViewModel.swift */,
			);
			path = HomeCity;
			sourceTree = "<group>";
		};
/* End PBXGroup section */

/* Begin PBXNativeTarget section */
		D12009B528E0BD4C00BE55EC /* WeatherApp */ = {
			isa = PBXNativeTarget;
			buildConfigurationList = D12009E328E0BD4D00BE55EC /* Build configuration list for PBXNativeTarget "WeatherApp" */;
			buildPhases = (
				D12009B228E0BD4C00BE55EC /* Sources */,
				D12009B328E0BD4C00BE55EC /* Frameworks */,
				D12009B428E0BD4C00BE55EC /* Resources */,
				D11E935C28E0C05700083E12 /* Embed Frameworks */,
			);
			buildRules = (
			);
			dependencies = (
			);
			name = WeatherApp;
			productName = WeatherApp;
			productReference = D12009B628E0BD4C00BE55EC /* WeatherApp.app */;
			productType = "com.apple.product-type.application";
		};
		D12009CE28E0BD4D00BE55EC /* WeatherAppTests */ = {
			isa = PBXNativeTarget;
			buildConfigurationList = D12009E628E0BD4D00BE55EC /* Build configuration list for PBXNativeTarget "WeatherAppTests" */;
			buildPhases = (
				D12009CB28E0BD4D00BE55EC /* Sources */,
				D12009CC28E0BD4D00BE55EC /* Frameworks */,
				D12009CD28E0BD4D00BE55EC /* Resources */,
			);
			buildRules = (
			);
			dependencies = (
				D12009D128E0BD4D00BE55EC /* PBXTargetDependency */,
			);
			name = WeatherAppTests;
			productName = WeatherAppTests;
			productReference = D12009CF28E0BD4D00BE55EC /* WeatherAppTests.xctest */;
			productType = "com.apple.product-type.bundle.unit-test";
		};
		D12009D828E0BD4D00BE55EC /* WeatherAppUITests */ = {
			isa = PBXNativeTarget;
			buildConfigurationList = D12009E928E0BD4D00BE55EC /* Build configuration list for PBXNativeTarget "WeatherAppUITests" */;
			buildPhases = (
				D12009D528E0BD4D00BE55EC /* Sources */,
				D12009D628E0BD4D00BE55EC /* Frameworks */,
				D12009D728E0BD4D00BE55EC /* Resources */,
			);
			buildRules = (
			);
			dependencies = (
				D12009DB28E0BD4D00BE55EC /* PBXTargetDependency */,
			);
			name = WeatherAppUITests;
			productName = WeatherAppUITests;
			productReference = D12009D928E0BD4D00BE55EC /* WeatherAppUITests.xctest */;
			productType = "com.apple.product-type.bundle.ui-testing";
		};
/* End PBXNativeTarget section */

/* Begin PBXProject section */
		D12009AE28E0BD4C00BE55EC /* Project object */ = {
			isa = PBXProject;
			attributes = {
				BuildIndependentTargetsInParallel = 1;
				LastSwiftUpdateCheck = 1400;
				LastUpgradeCheck = 1400;
				TargetAttributes = {
					D12009B528E0BD4C00BE55EC = {
						CreatedOnToolsVersion = 14.0;
					};
					D12009CE28E0BD4D00BE55EC = {
						CreatedOnToolsVersion = 14.0;
						TestTargetID = D12009B528E0BD4C00BE55EC;
					};
					D12009D828E0BD4D00BE55EC = {
						CreatedOnToolsVersion = 14.0;
						TestTargetID = D12009B528E0BD4C00BE55EC;
					};
				};
			};
			buildConfigurationList = D12009B128E0BD4C00BE55EC /* Build configuration list for PBXProject "WeatherApp" */;
			compatibilityVersion = "Xcode 14.0";
			developmentRegion = en;
			hasScannedForEncodings = 0;
			knownRegions = (
				en,
				Base,
			);
			mainGroup = D12009AD28E0BD4C00BE55EC;
			productRefGroup = D12009B728E0BD4C00BE55EC /* Products */;
			projectDirPath = "";
			projectRoot = "";
			targets = (
				D12009B528E0BD4C00BE55EC /* WeatherApp */,
				D12009CE28E0BD4D00BE55EC /* WeatherAppTests */,
				D12009D828E0BD4D00BE55EC /* WeatherAppUITests */,
			);
		};
/* End PBXProject section */

/* Begin PBXResourcesBuildPhase section */
		D12009B428E0BD4C00BE55EC /* Resources */ = {
			isa = PBXResourcesBuildPhase;
			buildActionMask = 2147483647;
			files = (
				D12009C928E0BD4D00BE55EC /* LaunchScreen.storyboard in Resources */,
				D12009C628E0BD4D00BE55EC /* Assets.xcassets in Resources */,
				D12009C128E0BD4C00BE55EC /* Main.storyboard in Resources */,
			);
			runOnlyForDeploymentPostprocessing = 0;
		};
		D12009CD28E0BD4D00BE55EC /* Resources */ = {
			isa = PBXResourcesBuildPhase;
			buildActionMask = 2147483647;
			files = (
			);
			runOnlyForDeploymentPostprocessing = 0;
		};
		D12009D728E0BD4D00BE55EC /* Resources */ = {
			isa = PBXResourcesBuildPhase;
			buildActionMask = 2147483647;
			files = (
			);
			runOnlyForDeploymentPostprocessing = 0;
		};
/* End PBXResourcesBuildPhase section */

/* Begin PBXSourcesBuildPhase section */
		D12009B228E0BD4C00BE55EC /* Sources */ = {
			isa = PBXSourcesBuildPhase;
			buildActionMask = 2147483647;
			files = (
				D1E40DD028E13C4A008FC98A /* CityForcastViewModel.swift in Sources */,
				D1E40DC028E10E4D008FC98A /* APIManager.swift in Sources */,
				D1E40DD328E13D81008FC98A /* HomeCityHostingController.swift in Sources */,
				D1E2D59428E1C5A000FF705D /* CityListView.swift in Sources */,
				D1E40DD528E13DA3008FC98A /* HomeCityViewModel.swift in Sources */,
				D12009C428E0BD4C00BE55EC /* WeatherApp.xcdatamodeld in Sources */,
				D1E40DBE28E10D7C008FC98A /* DataManager.swift in Sources */,
				D12009BE28E0BD4C00BE55EC /* ViewController.swift in Sources */,
				D1E40DCC28E13A10008FC98A /* CityForcastHostingController.swift in Sources */,
				D12009BA28E0BD4C00BE55EC /* AppDelegate.swift in Sources */,
				D1E2D59228E1C56400FF705D /* CityListHostingController.swift in Sources */,
				D1E40DCE28E13A6B008FC98A /* CityForcastView.swift in Sources */,
				D1E2D59628E1C5D400FF705D /* CityListViewModel.swift in Sources */,
				D1E40DD728E13DB5008FC98A /* HomeCityView.swift in Sources */,
				D12009BC28E0BD4C00BE55EC /* SceneDelegate.swift in Sources */,
			);
			runOnlyForDeploymentPostprocessing = 0;
		};
		D12009CB28E0BD4D00BE55EC /* Sources */ = {
			isa = PBXSourcesBuildPhase;
			buildActionMask = 2147483647;
			files = (
				D12009D428E0BD4D00BE55EC /* WeatherAppTests.swift in Sources */,
			);
			runOnlyForDeploymentPostprocessing = 0;
		};
		D12009D528E0BD4D00BE55EC /* Sources */ = {
			isa = PBXSourcesBuildPhase;
			buildActionMask = 2147483647;
			files = (
				D12009DE28E0BD4D00BE55EC /* WeatherAppUITests.swift in Sources */,
				D12009E028E0BD4D00BE55EC /* WeatherAppUITestsLaunchTests.swift in Sources */,
			);
			runOnlyForDeploymentPostprocessing = 0;
		};
/* End PBXSourcesBuildPhase section */

/* Begin PBXTargetDependency section */
		D12009D128E0BD4D00BE55EC /* PBXTargetDependency */ = {
			isa = PBXTargetDependency;
			target = D12009B528E0BD4C00BE55EC /* WeatherApp */;
			targetProxy = D12009D028E0BD4D00BE55EC /* PBXContainerItemProxy */;
		};
		D12009DB28E0BD4D00BE55EC /* PBXTargetDependency */ = {
			isa = PBXTargetDependency;
			target = D12009B528E0BD4C00BE55EC /* WeatherApp */;
			targetProxy = D12009DA28E0BD4D00BE55EC /* PBXContainerItemProxy */;
		};
/* End PBXTargetDependency section */

/* Begin PBXVariantGroup section */
		D12009BF28E0BD4C00BE55EC /* Main.storyboard */ = {
			isa = PBXVariantGroup;
			children = (
				D12009C028E0BD4C00BE55EC /* Base */,
			);
			name = Main.storyboard;
			sourceTree = "<group>";
		};
		D12009C728E0BD4D00BE55EC /* LaunchScreen.storyboard */ = {
			isa = PBXVariantGroup;
			children = (
				D12009C828E0BD4D00BE55EC /* Base */,
			);
			name = LaunchScreen.storyboard;
			sourceTree = "<group>";
		};
/* End PBXVariantGroup section */

/* Begin XCBuildConfiguration section */
		D12009E128E0BD4D00BE55EC /* Debug */ = {
			isa = XCBuildConfiguration;
			buildSettings = {
				ALWAYS_SEARCH_USER_PATHS = NO;
				CLANG_ANALYZER_NONNULL = YES;
				CLANG_ANALYZER_NUMBER_OBJECT_CONVERSION = YES_AGGRESSIVE;
				CLANG_CXX_LANGUAGE_STANDARD = "gnu++20";
				CLANG_ENABLE_MODULES = YES;
				CLANG_ENABLE_OBJC_ARC = YES;
				CLANG_ENABLE_OBJC_WEAK = YES;
				CLANG_WARN_BLOCK_CAPTURE_AUTORELEASING = YES;
				CLANG_WARN_BOOL_CONVERSION = YES;
				CLANG_WARN_COMMA = YES;
				CLANG_WARN_CONSTANT_CONVERSION = YES;
				CLANG_WARN_DEPRECATED_OBJC_IMPLEMENTATIONS = YES;
				CLANG_WARN_DIRECT_OBJC_ISA_USAGE = YES_ERROR;
				CLANG_WARN_DOCUMENTATION_COMMENTS = YES;
				CLANG_WARN_EMPTY_BODY = YES;
				CLANG_WARN_ENUM_CONVERSION = YES;
				CLANG_WARN_INFINITE_RECURSION = YES;
				CLANG_WARN_INT_CONVERSION = YES;
				CLANG_WARN_NON_LITERAL_NULL_CONVERSION = YES;
				CLANG_WARN_OBJC_IMPLICIT_RETAIN_SELF = YES;
				CLANG_WARN_OBJC_LITERAL_CONVERSION = YES;
				CLANG_WARN_OBJC_ROOT_CLASS = YES_ERROR;
				CLANG_WARN_QUOTED_INCLUDE_IN_FRAMEWORK_HEADER = YES;
				CLANG_WARN_RANGE_LOOP_ANALYSIS = YES;
				CLANG_WARN_STRICT_PROTOTYPES = YES;
				CLANG_WARN_SUSPICIOUS_MOVE = YES;
				CLANG_WARN_UNGUARDED_AVAILABILITY = YES_AGGRESSIVE;
				CLANG_WARN_UNREACHABLE_CODE = YES;
				CLANG_WARN__DUPLICATE_METHOD_MATCH = YES;
				COPY_PHASE_STRIP = NO;
				DEBUG_INFORMATION_FORMAT = dwarf;
				ENABLE_STRICT_OBJC_MSGSEND = YES;
				ENABLE_TESTABILITY = YES;
				GCC_C_LANGUAGE_STANDARD = gnu11;
				GCC_DYNAMIC_NO_PIC = NO;
				GCC_NO_COMMON_BLOCKS = YES;
				GCC_OPTIMIZATION_LEVEL = 0;
				GCC_PREPROCESSOR_DEFINITIONS = (
					"DEBUG=1",
					"$(inherited)",
				);
				GCC_WARN_64_TO_32_BIT_CONVERSION = YES;
				GCC_WARN_ABOUT_RETURN_TYPE = YES_ERROR;
				GCC_WARN_UNDECLARED_SELECTOR = YES;
				GCC_WARN_UNINITIALIZED_AUTOS = YES_AGGRESSIVE;
				GCC_WARN_UNUSED_FUNCTION = YES;
				GCC_WARN_UNUSED_VARIABLE = YES;
				IPHONEOS_DEPLOYMENT_TARGET = 16.0;
				MTL_ENABLE_DEBUG_INFO = INCLUDE_SOURCE;
				MTL_FAST_MATH = YES;
				ONLY_ACTIVE_ARCH = YES;
				SDKROOT = iphoneos;
				SWIFT_ACTIVE_COMPILATION_CONDITIONS = DEBUG;
				SWIFT_OPTIMIZATION_LEVEL = "-Onone";
			};
			name = Debug;
		};
		D12009E228E0BD4D00BE55EC /* Release */ = {
			isa = XCBuildConfiguration;
			buildSettings = {
				ALWAYS_SEARCH_USER_PATHS = NO;
				CLANG_ANALYZER_NONNULL = YES;
				CLANG_ANALYZER_NUMBER_OBJECT_CONVERSION = YES_AGGRESSIVE;
				CLANG_CXX_LANGUAGE_STANDARD = "gnu++20";
				CLANG_ENABLE_MODULES = YES;
				CLANG_ENABLE_OBJC_ARC = YES;
				CLANG_ENABLE_OBJC_WEAK = YES;
				CLANG_WARN_BLOCK_CAPTURE_AUTORELEASING = YES;
				CLANG_WARN_BOOL_CONVERSION = YES;
				CLANG_WARN_COMMA = YES;
				CLANG_WARN_CONSTANT_CONVERSION = YES;
				CLANG_WARN_DEPRECATED_OBJC_IMPLEMENTATIONS = YES;
				CLANG_WARN_DIRECT_OBJC_ISA_USAGE = YES_ERROR;
				CLANG_WARN_DOCUMENTATION_COMMENTS = YES;
				CLANG_WARN_EMPTY_BODY = YES;
				CLANG_WARN_ENUM_CONVERSION = YES;
				CLANG_WARN_INFINITE_RECURSION = YES;
				CLANG_WARN_INT_CONVERSION = YES;
				CLANG_WARN_NON_LITERAL_NULL_CONVERSION = YES;
				CLANG_WARN_OBJC_IMPLICIT_RETAIN_SELF = YES;
				CLANG_WARN_OBJC_LITERAL_CONVERSION = YES;
				CLANG_WARN_OBJC_ROOT_CLASS = YES_ERROR;
				CLANG_WARN_QUOTED_INCLUDE_IN_FRAMEWORK_HEADER = YES;
				CLANG_WARN_RANGE_LOOP_ANALYSIS = YES;
				CLANG_WARN_STRICT_PROTOTYPES = YES;
				CLANG_WARN_SUSPICIOUS_MOVE = YES;
				CLANG_WARN_UNGUARDED_AVAILABILITY = YES_AGGRESSIVE;
				CLANG_WARN_UNREACHABLE_CODE = YES;
				CLANG_WARN__DUPLICATE_METHOD_MATCH = YES;
				COPY_PHASE_STRIP = NO;
				DEBUG_INFORMATION_FORMAT = "dwarf-with-dsym";
				ENABLE_NS_ASSERTIONS = NO;
				ENABLE_STRICT_OBJC_MSGSEND = YES;
				GCC_C_LANGUAGE_STANDARD = gnu11;
				GCC_NO_COMMON_BLOCKS = YES;
				GCC_WARN_64_TO_32_BIT_CONVERSION = YES;
				GCC_WARN_ABOUT_RETURN_TYPE = YES_ERROR;
				GCC_WARN_UNDECLARED_SELECTOR = YES;
				GCC_WARN_UNINITIALIZED_AUTOS = YES_AGGRESSIVE;
				GCC_WARN_UNUSED_FUNCTION = YES;
				GCC_WARN_UNUSED_VARIABLE = YES;
				IPHONEOS_DEPLOYMENT_TARGET = 16.0;
				MTL_ENABLE_DEBUG_INFO = NO;
				MTL_FAST_MATH = YES;
				SDKROOT = iphoneos;
				SWIFT_COMPILATION_MODE = wholemodule;
				SWIFT_OPTIMIZATION_LEVEL = "-O";
				VALIDATE_PRODUCT = YES;
			};
			name = Release;
		};
		D12009E428E0BD4D00BE55EC /* Debug */ = {
			isa = XCBuildConfiguration;
			buildSettings = {
				ASSETCATALOG_COMPILER_APPICON_NAME = AppIcon;
				ASSETCATALOG_COMPILER_GLOBAL_ACCENT_COLOR_NAME = AccentColor;
				CODE_SIGN_STYLE = Automatic;
				CURRENT_PROJECT_VERSION = 1;
				DEVELOPMENT_TEAM = 2SPMBW99YZ;
				GENERATE_INFOPLIST_FILE = YES;
				INFOPLIST_FILE = WeatherApp/Info.plist;
				INFOPLIST_KEY_UIApplicationSupportsIndirectInputEvents = YES;
				INFOPLIST_KEY_UILaunchStoryboardName = LaunchScreen;
				INFOPLIST_KEY_UIMainStoryboardFile = Main;
				INFOPLIST_KEY_UISupportedInterfaceOrientations_iPad = "UIInterfaceOrientationPortrait UIInterfaceOrientationPortraitUpsideDown UIInterfaceOrientationLandscapeLeft UIInterfaceOrientationLandscapeRight";
				INFOPLIST_KEY_UISupportedInterfaceOrientations_iPhone = "UIInterfaceOrientationPortrait UIInterfaceOrientationLandscapeLeft UIInterfaceOrientationLandscapeRight";
				LD_RUNPATH_SEARCH_PATHS = (
					"$(inherited)",
					"@executable_path/Frameworks",
				);
				MARKETING_VERSION = 1.0;
				PRODUCT_BUNDLE_IDENTIFIER = com.mleveton.WeatherApp;
				PRODUCT_NAME = "$(TARGET_NAME)";
				SWIFT_EMIT_LOC_STRINGS = YES;
				SWIFT_VERSION = 5.0;
				TARGETED_DEVICE_FAMILY = "1,2";
			};
			name = Debug;
		};
		D12009E528E0BD4D00BE55EC /* Release */ = {
			isa = XCBuildConfiguration;
			buildSettings = {
				ASSETCATALOG_COMPILER_APPICON_NAME = AppIcon;
				ASSETCATALOG_COMPILER_GLOBAL_ACCENT_COLOR_NAME = AccentColor;
				CODE_SIGN_STYLE = Automatic;
				CURRENT_PROJECT_VERSION = 1;
				DEVELOPMENT_TEAM = 2SPMBW99YZ;
				GENERATE_INFOPLIST_FILE = YES;
				INFOPLIST_FILE = WeatherApp/Info.plist;
				INFOPLIST_KEY_UIApplicationSupportsIndirectInputEvents = YES;
				INFOPLIST_KEY_UILaunchStoryboardName = LaunchScreen;
				INFOPLIST_KEY_UIMainStoryboardFile = Main;
				INFOPLIST_KEY_UISupportedInterfaceOrientations_iPad = "UIInterfaceOrientationPortrait UIInterfaceOrientationPortraitUpsideDown UIInterfaceOrientationLandscapeLeft UIInterfaceOrientationLandscapeRight";
				INFOPLIST_KEY_UISupportedInterfaceOrientations_iPhone = "UIInterfaceOrientationPortrait UIInterfaceOrientationLandscapeLeft UIInterfaceOrientationLandscapeRight";
				LD_RUNPATH_SEARCH_PATHS = (
					"$(inherited)",
					"@executable_path/Frameworks",
				);
				MARKETING_VERSION = 1.0;
				PRODUCT_BUNDLE_IDENTIFIER = com.mleveton.WeatherApp;
				PRODUCT_NAME = "$(TARGET_NAME)";
				SWIFT_EMIT_LOC_STRINGS = YES;
				SWIFT_VERSION = 5.0;
				TARGETED_DEVICE_FAMILY = "1,2";
			};
			name = Release;
		};
		D12009E728E0BD4D00BE55EC /* Debug */ = {
			isa = XCBuildConfiguration;
			buildSettings = {
				ALWAYS_EMBED_SWIFT_STANDARD_LIBRARIES = YES;
				BUNDLE_LOADER = "$(TEST_HOST)";
				CODE_SIGN_STYLE = Automatic;
				CURRENT_PROJECT_VERSION = 1;
				DEVELOPMENT_TEAM = 2SPMBW99YZ;
				GENERATE_INFOPLIST_FILE = YES;
				IPHONEOS_DEPLOYMENT_TARGET = 16.0;
				MARKETING_VERSION = 1.0;
				PRODUCT_BUNDLE_IDENTIFIER = com.mleveton.WeatherAppTests;
				PRODUCT_NAME = "$(TARGET_NAME)";
				SWIFT_EMIT_LOC_STRINGS = NO;
				SWIFT_VERSION = 5.0;
				TARGETED_DEVICE_FAMILY = "1,2";
				TEST_HOST = "$(BUILT_PRODUCTS_DIR)/WeatherApp.app/$(BUNDLE_EXECUTABLE_FOLDER_PATH)/WeatherApp";
			};
			name = Debug;
		};
		D12009E828E0BD4D00BE55EC /* Release */ = {
			isa = XCBuildConfiguration;
			buildSettings = {
				ALWAYS_EMBED_SWIFT_STANDARD_LIBRARIES = YES;
				BUNDLE_LOADER = "$(TEST_HOST)";
				CODE_SIGN_STYLE = Automatic;
				CURRENT_PROJECT_VERSION = 1;
				DEVELOPMENT_TEAM = 2SPMBW99YZ;
				GENERATE_INFOPLIST_FILE = YES;
				IPHONEOS_DEPLOYMENT_TARGET = 16.0;
				MARKETING_VERSION = 1.0;
				PRODUCT_BUNDLE_IDENTIFIER = com.mleveton.WeatherAppTests;
				PRODUCT_NAME = "$(TARGET_NAME)";
				SWIFT_EMIT_LOC_STRINGS = NO;
				SWIFT_VERSION = 5.0;
				TARGETED_DEVICE_FAMILY = "1,2";
				TEST_HOST = "$(BUILT_PRODUCTS_DIR)/WeatherApp.app/$(BUNDLE_EXECUTABLE_FOLDER_PATH)/WeatherApp";
			};
			name = Release;
		};
		D12009EA28E0BD4D00BE55EC /* Debug */ = {
			isa = XCBuildConfiguration;
			buildSettings = {
				ALWAYS_EMBED_SWIFT_STANDARD_LIBRARIES = YES;
				CODE_SIGN_STYLE = Automatic;
				CURRENT_PROJECT_VERSION = 1;
				DEVELOPMENT_TEAM = 2SPMBW99YZ;
				GENERATE_INFOPLIST_FILE = YES;
				MARKETING_VERSION = 1.0;
				PRODUCT_BUNDLE_IDENTIFIER = com.mleveton.WeatherAppUITests;
				PRODUCT_NAME = "$(TARGET_NAME)";
				SWIFT_EMIT_LOC_STRINGS = NO;
				SWIFT_VERSION = 5.0;
				TARGETED_DEVICE_FAMILY = "1,2";
				TEST_TARGET_NAME = WeatherApp;
			};
			name = Debug;
		};
		D12009EB28E0BD4D00BE55EC /* Release */ = {
			isa = XCBuildConfiguration;
			buildSettings = {
				ALWAYS_EMBED_SWIFT_STANDARD_LIBRARIES = YES;
				CODE_SIGN_STYLE = Automatic;
				CURRENT_PROJECT_VERSION = 1;
				DEVELOPMENT_TEAM = 2SPMBW99YZ;
				GENERATE_INFOPLIST_FILE = YES;
				MARKETING_VERSION = 1.0;
				PRODUCT_BUNDLE_IDENTIFIER = com.mleveton.WeatherAppUITests;
				PRODUCT_NAME = "$(TARGET_NAME)";
				SWIFT_EMIT_LOC_STRINGS = NO;
				SWIFT_VERSION = 5.0;
				TARGETED_DEVICE_FAMILY = "1,2";
				TEST_TARGET_NAME = WeatherApp;
			};
			name = Release;
		};
/* End XCBuildConfiguration section */

/* Begin XCConfigurationList section */
		D12009B128E0BD4C00BE55EC /* Build configuration list for PBXProject "WeatherApp" */ = {
			isa = XCConfigurationList;
			buildConfigurations = (
				D12009E128E0BD4D00BE55EC /* Debug */,
				D12009E228E0BD4D00BE55EC /* Release */,
			);
			defaultConfigurationIsVisible = 0;
			defaultConfigurationName = Release;
		};
		D12009E328E0BD4D00BE55EC /* Build configuration list for PBXNativeTarget "WeatherApp" */ = {
			isa = XCConfigurationList;
			buildConfigurations = (
				D12009E428E0BD4D00BE55EC /* Debug */,
				D12009E528E0BD4D00BE55EC /* Release */,
			);
			defaultConfigurationIsVisible = 0;
			defaultConfigurationName = Release;
		};
		D12009E628E0BD4D00BE55EC /* Build configuration list for PBXNativeTarget "WeatherAppTests" */ = {
			isa = XCConfigurationList;
			buildConfigurations = (
				D12009E728E0BD4D00BE55EC /* Debug */,
				D12009E828E0BD4D00BE55EC /* Release */,
			);
			defaultConfigurationIsVisible = 0;
			defaultConfigurationName = Release;
		};
		D12009E928E0BD4D00BE55EC /* Build configuration list for PBXNativeTarget "WeatherAppUITests" */ = {
			isa = XCConfigurationList;
			buildConfigurations = (
				D12009EA28E0BD4D00BE55EC /* Debug */,
				D12009EB28E0BD4D00BE55EC /* Release */,
			);
			defaultConfigurationIsVisible = 0;
			defaultConfigurationName = Release;
		};
/* End XCConfigurationList section */

/* Begin XCVersionGroup section */
		D12009C228E0BD4C00BE55EC /* WeatherApp.xcdatamodeld */ = {
			isa = XCVersionGroup;
			children = (
				D12009C328E0BD4C00BE55EC /* WeatherApp.xcdatamodel */,
			);
			currentVersion = D12009C328E0BD4C00BE55EC /* WeatherApp.xcdatamodel */;
			path = WeatherApp.xcdatamodeld;
			sourceTree = "<group>";
			versionGroupType = wrapper.xcdatamodel;
		};
/* End XCVersionGroup section */
	};
	rootObject = D12009AE28E0BD4C00BE55EC /* Project object */;
}
