// !$*UTF8*$!
{
	archiveVersion = 1;
	classes = {
	};
	objectVersion = 56;
	objects = {

/* Begin PBXBuildFile section */
		B74567EB186EDDEC69C77137 /* libPods-WeatherApp.a in Frameworks */ = {isa = PBXBuildFile; fileRef = 49BB53FBCD6DE785E615B779 /* libPods-WeatherApp.a */; };
		D10BA1F728E5D24D001D39CA /* Constants.swift in Sources */ = {isa = PBXBuildFile; fileRef = D10BA1F628E5D24D001D39CA /* Constants.swift */; };
		D11E935A28E0C05700083E12 /* DataManager.framework in Frameworks */ = {isa = PBXBuildFile; fileRef = D11E935928E0C05700083E12 /* DataManager.framework */; };
		D11E935B28E0C05700083E12 /* DataManager.framework in Embed Frameworks */ = {isa = PBXBuildFile; fileRef = D11E935928E0C05700083E12 /* DataManager.framework */; settings = {ATTRIBUTES = (CodeSignOnCopy, RemoveHeadersOnCopy, ); }; };
		D12009BA28E0BD4C00BE55EC /* AppDelegate.swift in Sources */ = {isa = PBXBuildFile; fileRef = D12009B928E0BD4C00BE55EC /* AppDelegate.swift */; };
		D12009BC28E0BD4C00BE55EC /* SceneDelegate.swift in Sources */ = {isa = PBXBuildFile; fileRef = D12009BB28E0BD4C00BE55EC /* SceneDelegate.swift */; };
		D12009C128E0BD4C00BE55EC /* Main.storyboard in Resources */ = {isa = PBXBuildFile; fileRef = D12009BF28E0BD4C00BE55EC /* Main.storyboard */; };
		D12009C428E0BD4C00BE55EC /* WeatherApp.xcdatamodeld in Sources */ = {isa = PBXBuildFile; fileRef = D12009C228E0BD4C00BE55EC /* WeatherApp.xcdatamodeld */; };
		D12009C628E0BD4D00BE55EC /* Assets.xcassets in Resources */ = {isa = PBXBuildFile; fileRef = D12009C528E0BD4D00BE55EC /* Assets.xcassets */; };
		D12009C928E0BD4D00BE55EC /* LaunchScreen.storyboard in Resources */ = {isa = PBXBuildFile; fileRef = D12009C728E0BD4D00BE55EC /* LaunchScreen.storyboard */; };
		D13A5EF428E47EDE00BF8070 /* CityAddViewController.swift in Sources */ = {isa = PBXBuildFile; fileRef = D13A5EF328E47EDE00BF8070 /* CityAddViewController.swift */; };
		D13A5EF828E47F0300BF8070 /* CityAddViewModel.swift in Sources */ = {isa = PBXBuildFile; fileRef = D13A5EF728E47F0200BF8070 /* CityAddViewModel.swift */; };
		D13A5EFC28E485C100BF8070 /* GooglePlacesManager.swift in Sources */ = {isa = PBXBuildFile; fileRef = D13A5EFB28E485C100BF8070 /* GooglePlacesManager.swift */; };
		D16CD0CD28E34C1600FBD846 /* City.swift in Sources */ = {isa = PBXBuildFile; fileRef = D16CD0CC28E34C1600FBD846 /* City.swift */; };
		D19F122328E74B89008B5089 /* CityListViewModel_Tests.swift in Sources */ = {isa = PBXBuildFile; fileRef = D19F122228E74B89008B5089 /* CityListViewModel_Tests.swift */; };
		D19F122528E74CFE008B5089 /* MockGoogleManagerProtocol.swift in Sources */ = {isa = PBXBuildFile; fileRef = D19F122428E74CFE008B5089 /* MockGoogleManagerProtocol.swift */; };
		D19F122728E74D97008B5089 /* CityAddViewModel_Tests.swift in Sources */ = {isa = PBXBuildFile; fileRef = D19F122628E74D97008B5089 /* CityAddViewModel_Tests.swift */; };
		D1E2D59228E1C56400FF705D /* CityListHostingController.swift in Sources */ = {isa = PBXBuildFile; fileRef = D1E2D59128E1C56400FF705D /* CityListHostingController.swift */; };
		D1E2D59428E1C5A000FF705D /* CityListView.swift in Sources */ = {isa = PBXBuildFile; fileRef = D1E2D59328E1C5A000FF705D /* CityListView.swift */; };
		D1E2D59628E1C5D400FF705D /* CityListViewModel.swift in Sources */ = {isa = PBXBuildFile; fileRef = D1E2D59528E1C5D400FF705D /* CityListViewModel.swift */; };
		D1E2D59A28E27FB200FF705D /* City.swift in Sources */ = {isa = PBXBuildFile; fileRef = D1E2D59928E27FB200FF705D /* City.swift */; };
		D1E40DBE28E10D7C008FC98A /* DataManager.swift in Sources */ = {isa = PBXBuildFile; fileRef = D1E40DBD28E10D7C008FC98A /* DataManager.swift */; };
		D1E40DC028E10E4D008FC98A /* APIManager.swift in Sources */ = {isa = PBXBuildFile; fileRef = D1E40DBF28E10E4D008FC98A /* APIManager.swift */; };
		D1E40DCC28E13A10008FC98A /* CityDetailHostingController.swift in Sources */ = {isa = PBXBuildFile; fileRef = D1E40DCB28E13A10008FC98A /* CityDetailHostingController.swift */; };
		D1E40DCE28E13A6B008FC98A /* CityDetailView.swift in Sources */ = {isa = PBXBuildFile; fileRef = D1E40DCD28E13A6B008FC98A /* CityDetailView.swift */; };
		D1E40DD028E13C4A008FC98A /* CityDetailViewModel.swift in Sources */ = {isa = PBXBuildFile; fileRef = D1E40DCF28E13C49008FC98A /* CityDetailViewModel.swift */; };
		D1E7EFF428E7494E0073DEC0 /* APIManagerProtocol_Tests.swift in Sources */ = {isa = PBXBuildFile; fileRef = D1E7EFF228E7494E0073DEC0 /* APIManagerProtocol_Tests.swift */; };
		D1E7EFF528E7494E0073DEC0 /* DataManagerProtocol_Tests.swift in Sources */ = {isa = PBXBuildFile; fileRef = D1E7EFF328E7494E0073DEC0 /* DataManagerProtocol_Tests.swift */; };
		D1E7EFF828E749770073DEC0 /* MockAPIManagerProtocol.swift in Sources */ = {isa = PBXBuildFile; fileRef = D1E7EFF628E749770073DEC0 /* MockAPIManagerProtocol.swift */; };
		D1E7EFF928E749770073DEC0 /* MockDataManagerProtocol.swift in Sources */ = {isa = PBXBuildFile; fileRef = D1E7EFF728E749770073DEC0 /* MockDataManagerProtocol.swift */; };
/* End PBXBuildFile section */

/* Begin PBXContainerItemProxy section */
		D12009D028E0BD4D00BE55EC /* PBXContainerItemProxy */ = {
			isa = PBXContainerItemProxy;
			containerPortal = D12009AE28E0BD4C00BE55EC /* Project object */;
			proxyType = 1;
			remoteGlobalIDString = D12009B528E0BD4C00BE55EC;
			remoteInfo = WeatherApp;
		};
/* End PBXContainerItemProxy section */

/* Begin PBXCopyFilesBuildPhase section */
		D11E935C28E0C05700083E12 /* Embed Frameworks */ = {
			isa = PBXCopyFilesBuildPhase;
			buildActionMask = 2147483647;
			dstPath = "";
			dstSubfolderSpec = 10;
			files = (
				D11E935B28E0C05700083E12 /* DataManager.framework in Embed Frameworks */,
			);
			name = "Embed Frameworks";
			runOnlyForDeploymentPostprocessing = 0;
		};
/* End PBXCopyFilesBuildPhase section */

/* Begin PBXFileReference section */
		06A78D4C9E86136556FF35E0 /* Pods-WeatherApp.debug.xcconfig */ = {isa = PBXFileReference; includeInIndex = 1; lastKnownFileType = text.xcconfig; name = "Pods-WeatherApp.debug.xcconfig"; path = "Target Support Files/Pods-WeatherApp/Pods-WeatherApp.debug.xcconfig"; sourceTree = "<group>"; };
		49BB53FBCD6DE785E615B779 /* libPods-WeatherApp.a */ = {isa = PBXFileReference; explicitFileType = archive.ar; includeInIndex = 0; path = "libPods-WeatherApp.a"; sourceTree = BUILT_PRODUCTS_DIR; };
		666F78DF781FCEEDDCF753BC /* Pods-WeatherApp.release.xcconfig */ = {isa = PBXFileReference; includeInIndex = 1; lastKnownFileType = text.xcconfig; name = "Pods-WeatherApp.release.xcconfig"; path = "Target Support Files/Pods-WeatherApp/Pods-WeatherApp.release.xcconfig"; sourceTree = "<group>"; };
		D10BA1F628E5D24D001D39CA /* Constants.swift */ = {isa = PBXFileReference; lastKnownFileType = sourcecode.swift; path = Constants.swift; sourceTree = "<group>"; };
		D11E935928E0C05700083E12 /* DataManager.framework */ = {isa = PBXFileReference; explicitFileType = wrapper.framework; path = DataManager.framework; sourceTree = BUILT_PRODUCTS_DIR; };
		D12009B628E0BD4C00BE55EC /* WeatherApp.app */ = {isa = PBXFileReference; explicitFileType = wrapper.application; includeInIndex = 0; path = WeatherApp.app; sourceTree = BUILT_PRODUCTS_DIR; };
		D12009B928E0BD4C00BE55EC /* AppDelegate.swift */ = {isa = PBXFileReference; lastKnownFileType = sourcecode.swift; path = AppDelegate.swift; sourceTree = "<group>"; };
		D12009BB28E0BD4C00BE55EC /* SceneDelegate.swift */ = {isa = PBXFileReference; lastKnownFileType = sourcecode.swift; path = SceneDelegate.swift; sourceTree = "<group>"; };
		D12009C028E0BD4C00BE55EC /* Base */ = {isa = PBXFileReference; lastKnownFileType = file.storyboard; name = Base; path = Base.lproj/Main.storyboard; sourceTree = "<group>"; };
		D12009C328E0BD4C00BE55EC /* WeatherApp.xcdatamodel */ = {isa = PBXFileReference; lastKnownFileType = wrapper.xcdatamodel; path = WeatherApp.xcdatamodel; sourceTree = "<group>"; };
		D12009C528E0BD4D00BE55EC /* Assets.xcassets */ = {isa = PBXFileReference; lastKnownFileType = folder.assetcatalog; path = Assets.xcassets; sourceTree = "<group>"; };
		D12009C828E0BD4D00BE55EC /* Base */ = {isa = PBXFileReference; lastKnownFileType = file.storyboard; name = Base; path = Base.lproj/LaunchScreen.storyboard; sourceTree = "<group>"; };
		D12009CA28E0BD4D00BE55EC /* Info.plist */ = {isa = PBXFileReference; lastKnownFileType = text.plist.xml; path = Info.plist; sourceTree = "<group>"; };
		D12009CF28E0BD4D00BE55EC /* WeatherAppTests.xctest */ = {isa = PBXFileReference; explicitFileType = wrapper.cfbundle; includeInIndex = 0; path = WeatherAppTests.xctest; sourceTree = BUILT_PRODUCTS_DIR; };
		D13A5EF328E47EDE00BF8070 /* CityAddViewController.swift */ = {isa = PBXFileReference; lastKnownFileType = sourcecode.swift; path = CityAddViewController.swift; sourceTree = "<group>"; };
		D13A5EF728E47F0200BF8070 /* CityAddViewModel.swift */ = {isa = PBXFileReference; lastKnownFileType = sourcecode.swift; path = CityAddViewModel.swift; sourceTree = "<group>"; };
		D13A5EFB28E485C100BF8070 /* GooglePlacesManager.swift */ = {isa = PBXFileReference; lastKnownFileType = sourcecode.swift; path = GooglePlacesManager.swift; sourceTree = "<group>"; };
		D16CD0CC28E34C1600FBD846 /* City.swift */ = {isa = PBXFileReference; lastKnownFileType = sourcecode.swift; path = City.swift; sourceTree = "<group>"; };
		D19F122228E74B89008B5089 /* CityListViewModel_Tests.swift */ = {isa = PBXFileReference; lastKnownFileType = sourcecode.swift; path = CityListViewModel_Tests.swift; sourceTree = "<group>"; };
		D19F122428E74CFE008B5089 /* MockGoogleManagerProtocol.swift */ = {isa = PBXFileReference; lastKnownFileType = sourcecode.swift; path = MockGoogleManagerProtocol.swift; sourceTree = "<group>"; };
		D19F122628E74D97008B5089 /* CityAddViewModel_Tests.swift */ = {isa = PBXFileReference; lastKnownFileType = sourcecode.swift; path = CityAddViewModel_Tests.swift; sourceTree = "<group>"; };
		D1E2D59128E1C56400FF705D /* CityListHostingController.swift */ = {isa = PBXFileReference; lastKnownFileType = sourcecode.swift; path = CityListHostingController.swift; sourceTree = "<group>"; };
		D1E2D59328E1C5A000FF705D /* CityListView.swift */ = {isa = PBXFileReference; lastKnownFileType = sourcecode.swift; path = CityListView.swift; sourceTree = "<group>"; };
		D1E2D59528E1C5D400FF705D /* CityListViewModel.swift */ = {isa = PBXFileReference; lastKnownFileType = sourcecode.swift; path = CityListViewModel.swift; sourceTree = "<group>"; };
		D1E2D59928E27FB200FF705D /* City.swift */ = {isa = PBXFileReference; lastKnownFileType = sourcecode.swift; path = City.swift; sourceTree = "<group>"; };
		D1E40DBD28E10D7C008FC98A /* DataManager.swift */ = {isa = PBXFileReference; lastKnownFileType = sourcecode.swift; path = DataManager.swift; sourceTree = "<group>"; };
		D1E40DBF28E10E4D008FC98A /* APIManager.swift */ = {isa = PBXFileReference; lastKnownFileType = sourcecode.swift; path = APIManager.swift; sourceTree = "<group>"; };
		D1E40DCB28E13A10008FC98A /* CityDetailHostingController.swift */ = {isa = PBXFileReference; lastKnownFileType = sourcecode.swift; path = CityDetailHostingController.swift; sourceTree = "<group>"; };
		D1E40DCD28E13A6B008FC98A /* CityDetailView.swift */ = {isa = PBXFileReference; lastKnownFileType = sourcecode.swift; path = CityDetailView.swift; sourceTree = "<group>"; };
		D1E40DCF28E13C49008FC98A /* CityDetailViewModel.swift */ = {isa = PBXFileReference; lastKnownFileType = sourcecode.swift; path = CityDetailViewModel.swift; sourceTree = "<group>"; };
		D1E7EFF228E7494E0073DEC0 /* APIManagerProtocol_Tests.swift */ = {isa = PBXFileReference; fileEncoding = 4; lastKnownFileType = sourcecode.swift; path = APIManagerProtocol_Tests.swift; sourceTree = "<group>"; };
		D1E7EFF328E7494E0073DEC0 /* DataManagerProtocol_Tests.swift */ = {isa = PBXFileReference; fileEncoding = 4; lastKnownFileType = sourcecode.swift; path = DataManagerProtocol_Tests.swift; sourceTree = "<group>"; };
		D1E7EFF628E749770073DEC0 /* MockAPIManagerProtocol.swift */ = {isa = PBXFileReference; fileEncoding = 4; lastKnownFileType = sourcecode.swift; path = MockAPIManagerProtocol.swift; sourceTree = "<group>"; };
		D1E7EFF728E749770073DEC0 /* MockDataManagerProtocol.swift */ = {isa = PBXFileReference; fileEncoding = 4; lastKnownFileType = sourcecode.swift; path = MockDataManagerProtocol.swift; sourceTree = "<group>"; };
/* End PBXFileReference section */

/* Begin PBXFrameworksBuildPhase section */
		D12009B328E0BD4C00BE55EC /* Frameworks */ = {
			isa = PBXFrameworksBuildPhase;
			buildActionMask = 2147483647;
			files = (
				D11E935A28E0C05700083E12 /* DataManager.framework in Frameworks */,
				B74567EB186EDDEC69C77137 /* libPods-WeatherApp.a in Frameworks */,
			);
			runOnlyForDeploymentPostprocessing = 0;
		};
		D12009CC28E0BD4D00BE55EC /* Frameworks */ = {
			isa = PBXFrameworksBuildPhase;
			buildActionMask = 2147483647;
			files = (
			);
			runOnlyForDeploymentPostprocessing = 0;
		};
/* End PBXFrameworksBuildPhase section */

/* Begin PBXGroup section */
		B740ECEAE496A2B1EAA9CE3F /* Pods */ = {
			isa = PBXGroup;
			children = (
				06A78D4C9E86136556FF35E0 /* Pods-WeatherApp.debug.xcconfig */,
				666F78DF781FCEEDDCF753BC /* Pods-WeatherApp.release.xcconfig */,
			);
			path = Pods;
			sourceTree = "<group>";
		};
		D10BA1F528E5D22E001D39CA /* Helpers */ = {
			isa = PBXGroup;
			children = (
				D10BA1F628E5D24D001D39CA /* Constants.swift */,
			);
			path = Helpers;
			sourceTree = "<group>";
		};
		D11E935828E0C05700083E12 /* Frameworks */ = {
			isa = PBXGroup;
			children = (
				D11E935928E0C05700083E12 /* DataManager.framework */,
				49BB53FBCD6DE785E615B779 /* libPods-WeatherApp.a */,
			);
			name = Frameworks;
			sourceTree = "<group>";
		};
		D11E935D28E0D8A700083E12 /* CityDetail */ = {
			isa = PBXGroup;
			children = (
				D1E40DCB28E13A10008FC98A /* CityDetailHostingController.swift */,
				D1E40DCD28E13A6B008FC98A /* CityDetailView.swift */,
				D1E40DCF28E13C49008FC98A /* CityDetailViewModel.swift */,
			);
			path = CityDetail;
			sourceTree = "<group>";
		};
		D11E935E28E0D8B100083E12 /* CityList */ = {
			isa = PBXGroup;
			children = (
				D1E2D59128E1C56400FF705D /* CityListHostingController.swift */,
				D1E2D59328E1C5A000FF705D /* CityListView.swift */,
				D1E2D59528E1C5D400FF705D /* CityListViewModel.swift */,
			);
			path = CityList;
			sourceTree = "<group>";
		};
		D12009AD28E0BD4C00BE55EC = {
			isa = PBXGroup;
			children = (
				D12009B828E0BD4C00BE55EC /* WeatherApp */,
				D12009D228E0BD4D00BE55EC /* WeatherAppTests */,
				D12009B728E0BD4C00BE55EC /* Products */,
				D11E935828E0C05700083E12 /* Frameworks */,
				B740ECEAE496A2B1EAA9CE3F /* Pods */,
			);
			sourceTree = "<group>";
		};
		D12009B728E0BD4C00BE55EC /* Products */ = {
			isa = PBXGroup;
			children = (
				D12009B628E0BD4C00BE55EC /* WeatherApp.app */,
				D12009CF28E0BD4D00BE55EC /* WeatherAppTests.xctest */,
			);
			name = Products;
			sourceTree = "<group>";
		};
		D12009B828E0BD4C00BE55EC /* WeatherApp */ = {
			isa = PBXGroup;
			children = (
				D10BA1F528E5D22E001D39CA /* Helpers */,
				D1E2D59728E27F8200FF705D /* Data Model */,
				D1E40DBA28E10D2F008FC98A /* Managers */,
				D13A5EF228E47DCA00BF8070 /* CityAdd */,
				D11E935E28E0D8B100083E12 /* CityList */,
				D11E935D28E0D8A700083E12 /* CityDetail */,
				D12009B928E0BD4C00BE55EC /* AppDelegate.swift */,
				D12009BB28E0BD4C00BE55EC /* SceneDelegate.swift */,
				D12009BF28E0BD4C00BE55EC /* Main.storyboard */,
				D12009C528E0BD4D00BE55EC /* Assets.xcassets */,
				D12009C728E0BD4D00BE55EC /* LaunchScreen.storyboard */,
				D12009CA28E0BD4D00BE55EC /* Info.plist */,
				D12009C228E0BD4C00BE55EC /* WeatherApp.xcdatamodeld */,
			);
			path = WeatherApp;
			sourceTree = "<group>";
		};
		D12009D228E0BD4D00BE55EC /* WeatherAppTests */ = {
			isa = PBXGroup;
			children = (
				D19F122128E74B3E008B5089 /* ViewModels */,
				D1E7EFF028E749120073DEC0 /* DataManagerTests */,
				D16CD0CC28E34C1600FBD846 /* City.swift */,
				D19F122428E74CFE008B5089 /* MockGoogleManagerProtocol.swift */,
			);
			path = WeatherAppTests;
			sourceTree = "<group>";
		};
		D13A5EF228E47DCA00BF8070 /* CityAdd */ = {
			isa = PBXGroup;
			children = (
				D13A5EF328E47EDE00BF8070 /* CityAddViewController.swift */,
				D13A5EF728E47F0200BF8070 /* CityAddViewModel.swift */,
			);
			path = CityAdd;
			sourceTree = "<group>";
		};
		D19F122128E74B3E008B5089 /* ViewModels */ = {
			isa = PBXGroup;
			children = (
				D19F122228E74B89008B5089 /* CityListViewModel_Tests.swift */,
				D19F122628E74D97008B5089 /* CityAddViewModel_Tests.swift */,
			);
			path = ViewModels;
			sourceTree = "<group>";
		};
		D1E2D59728E27F8200FF705D /* Data Model */ = {
			isa = PBXGroup;
			children = (
				D1E2D59828E27F8B00FF705D /* CityData */,
			);
			path = "Data Model";
			sourceTree = "<group>";
		};
		D1E2D59828E27F8B00FF705D /* CityData */ = {
			isa = PBXGroup;
			children = (
				D1E2D59928E27FB200FF705D /* City.swift */,
			);
			path = CityData;
			sourceTree = "<group>";
		};
		D1E40DBA28E10D2F008FC98A /* Managers */ = {
			isa = PBXGroup;
			children = (
				D1E40DBD28E10D7C008FC98A /* DataManager.swift */,
				D1E40DBF28E10E4D008FC98A /* APIManager.swift */,
				D13A5EFB28E485C100BF8070 /* GooglePlacesManager.swift */,
			);
			path = Managers;
			sourceTree = "<group>";
		};
		D1E7EFF028E749120073DEC0 /* DataManagerTests */ = {
			isa = PBXGroup;
			children = (
				D1E7EFF628E749770073DEC0 /* MockAPIManagerProtocol.swift */,
				D1E7EFF728E749770073DEC0 /* MockDataManagerProtocol.swift */,
				D1E7EFF128E749360073DEC0 /* Services */,
			);
			path = DataManagerTests;
			sourceTree = "<group>";
		};
		D1E7EFF128E749360073DEC0 /* Services */ = {
			isa = PBXGroup;
			children = (
				D1E7EFF228E7494E0073DEC0 /* APIManagerProtocol_Tests.swift */,
				D1E7EFF328E7494E0073DEC0 /* DataManagerProtocol_Tests.swift */,
			);
			path = Services;
			sourceTree = "<group>";
		};
/* End PBXGroup section */

/* Begin PBXNativeTarget section */
		D12009B528E0BD4C00BE55EC /* WeatherApp */ = {
			isa = PBXNativeTarget;
			buildConfigurationList = D12009E328E0BD4D00BE55EC /* Build configuration list for PBXNativeTarget "WeatherApp" */;
			buildPhases = (
				1B1AD9C7D8464E05B52E6210 /* [CP] Check Pods Manifest.lock */,
				D12009B228E0BD4C00BE55EC /* Sources */,
				D12009B328E0BD4C00BE55EC /* Frameworks */,
				D12009B428E0BD4C00BE55EC /* Resources */,
				D11E935C28E0C05700083E12 /* Embed Frameworks */,
				88D7420E1B33E63A13FD6D99 /* [CP] Copy Pods Resources */,
			);
			buildRules = (
			);
			dependencies = (
			);
			name = WeatherApp;
			productName = WeatherApp;
			productReference = D12009B628E0BD4C00BE55EC /* WeatherApp.app */;
			productType = "com.apple.product-type.application";
		};
		D12009CE28E0BD4D00BE55EC /* WeatherAppTests */ = {
			isa = PBXNativeTarget;
			buildConfigurationList = D12009E628E0BD4D00BE55EC /* Build configuration list for PBXNativeTarget "WeatherAppTests" */;
			buildPhases = (
				D12009CB28E0BD4D00BE55EC /* Sources */,
				D12009CC28E0BD4D00BE55EC /* Frameworks */,
				D12009CD28E0BD4D00BE55EC /* Resources */,
			);
			buildRules = (
			);
			dependencies = (
				D12009D128E0BD4D00BE55EC /* PBXTargetDependency */,
			);
			name = WeatherAppTests;
			productName = WeatherAppTests;
			productReference = D12009CF28E0BD4D00BE55EC /* WeatherAppTests.xctest */;
			productType = "com.apple.product-type.bundle.unit-test";
		};
/* End PBXNativeTarget section */

/* Begin PBXProject section */
		D12009AE28E0BD4C00BE55EC /* Project object */ = {
			isa = PBXProject;
			attributes = {
				BuildIndependentTargetsInParallel = 1;
				LastSwiftUpdateCheck = 1400;
				LastUpgradeCheck = 1400;
				TargetAttributes = {
					D12009B528E0BD4C00BE55EC = {
						CreatedOnToolsVersion = 14.0;
					};
					D12009CE28E0BD4D00BE55EC = {
						CreatedOnToolsVersion = 14.0;
						TestTargetID = D12009B528E0BD4C00BE55EC;
					};
				};
			};
			buildConfigurationList = D12009B128E0BD4C00BE55EC /* Build configuration list for PBXProject "WeatherApp" */;
			compatibilityVersion = "Xcode 14.0";
			developmentRegion = en;
			hasScannedForEncodings = 0;
			knownRegions = (
				en,
				Base,
			);
			mainGroup = D12009AD28E0BD4C00BE55EC;
			productRefGroup = D12009B728E0BD4C00BE55EC /* Products */;
			projectDirPath = "";
			projectRoot = "";
			targets = (
				D12009B528E0BD4C00BE55EC /* WeatherApp */,
				D12009CE28E0BD4D00BE55EC /* WeatherAppTests */,
			);
		};
/* End PBXProject section */

/* Begin PBXResourcesBuildPhase section */
		D12009B428E0BD4C00BE55EC /* Resources */ = {
			isa = PBXResourcesBuildPhase;
			buildActionMask = 2147483647;
			files = (
				D12009C928E0BD4D00BE55EC /* LaunchScreen.storyboard in Resources */,
				D12009C628E0BD4D00BE55EC /* Assets.xcassets in Resources */,
				D12009C128E0BD4C00BE55EC /* Main.storyboard in Resources */,
			);
			runOnlyForDeploymentPostprocessing = 0;
		};
		D12009CD28E0BD4D00BE55EC /* Resources */ = {
			isa = PBXResourcesBuildPhase;
			buildActionMask = 2147483647;
			files = (
			);
			runOnlyForDeploymentPostprocessing = 0;
		};
/* End PBXResourcesBuildPhase section */

/* Begin PBXShellScriptBuildPhase section */
		1B1AD9C7D8464E05B52E6210 /* [CP] Check Pods Manifest.lock */ = {
			isa = PBXShellScriptBuildPhase;
			buildActionMask = 2147483647;
			files = (
			);
			inputFileListPaths = (
			);
			inputPaths = (
				"${PODS_PODFILE_DIR_PATH}/Podfile.lock",
				"${PODS_ROOT}/Manifest.lock",
			);
			name = "[CP] Check Pods Manifest.lock";
			outputFileListPaths = (
			);
			outputPaths = (
				"$(DERIVED_FILE_DIR)/Pods-WeatherApp-checkManifestLockResult.txt",
			);
			runOnlyForDeploymentPostprocessing = 0;
			shellPath = /bin/sh;
			shellScript = "diff \"${PODS_PODFILE_DIR_PATH}/Podfile.lock\" \"${PODS_ROOT}/Manifest.lock\" > /dev/null\nif [ $? != 0 ] ; then\n    # print error to STDERR\n    echo \"error: The sandbox is not in sync with the Podfile.lock. Run 'pod install' or update your CocoaPods installation.\" >&2\n    exit 1\nfi\n# This output is used by Xcode 'outputs' to avoid re-running this script phase.\necho \"SUCCESS\" > \"${SCRIPT_OUTPUT_FILE_0}\"\n";
			showEnvVarsInLog = 0;
		};
		88D7420E1B33E63A13FD6D99 /* [CP] Copy Pods Resources */ = {
			isa = PBXShellScriptBuildPhase;
			buildActionMask = 2147483647;
			files = (
			);
			inputFileListPaths = (
				"${PODS_ROOT}/Target Support Files/Pods-WeatherApp/Pods-WeatherApp-resources-${CONFIGURATION}-input-files.xcfilelist",
			);
			name = "[CP] Copy Pods Resources";
			outputFileListPaths = (
				"${PODS_ROOT}/Target Support Files/Pods-WeatherApp/Pods-WeatherApp-resources-${CONFIGURATION}-output-files.xcfilelist",
			);
			runOnlyForDeploymentPostprocessing = 0;
			shellPath = /bin/sh;
			shellScript = "\"${PODS_ROOT}/Target Support Files/Pods-WeatherApp/Pods-WeatherApp-resources.sh\"\n";
			showEnvVarsInLog = 0;
		};
/* End PBXShellScriptBuildPhase section */

/* Begin PBXSourcesBuildPhase section */
		D12009B228E0BD4C00BE55EC /* Sources */ = {
			isa = PBXSourcesBuildPhase;
			buildActionMask = 2147483647;
			files = (
				D1E40DD028E13C4A008FC98A /* CityDetailViewModel.swift in Sources */,
				D1E40DC028E10E4D008FC98A /* APIManager.swift in Sources */,
				D1E2D59428E1C5A000FF705D /* CityListView.swift in Sources */,
				D13A5EFC28E485C100BF8070 /* GooglePlacesManager.swift in Sources */,
				D12009C428E0BD4C00BE55EC /* WeatherApp.xcdatamodeld in Sources */,
				D1E40DBE28E10D7C008FC98A /* DataManager.swift in Sources */,
				D1E40DCC28E13A10008FC98A /* CityDetailHostingController.swift in Sources */,
				D13A5EF828E47F0300BF8070 /* CityAddViewModel.swift in Sources */,
				D10BA1F728E5D24D001D39CA /* Constants.swift in Sources */,
				D12009BA28E0BD4C00BE55EC /* AppDelegate.swift in Sources */,
				D1E2D59228E1C56400FF705D /* CityListHostingController.swift in Sources */,
				D1E40DCE28E13A6B008FC98A /* CityDetailView.swift in Sources */,
				D13A5EF428E47EDE00BF8070 /* CityAddViewController.swift in Sources */,
				D1E2D59A28E27FB200FF705D /* City.swift in Sources */,
				D1E2D59628E1C5D400FF705D /* CityListViewModel.swift in Sources */,
				D12009BC28E0BD4C00BE55EC /* SceneDelegate.swift in Sources */,
			);
			runOnlyForDeploymentPostprocessing = 0;
		};
		D12009CB28E0BD4D00BE55EC /* Sources */ = {
			isa = PBXSourcesBuildPhase;
			buildActionMask = 2147483647;
			files = (
				D1E7EFF428E7494E0073DEC0 /* APIManagerProtocol_Tests.swift in Sources */,
				D16CD0CD28E34C1600FBD846 /* City.swift in Sources */,
				D1E7EFF528E7494E0073DEC0 /* DataManagerProtocol_Tests.swift in Sources */,
				D19F122328E74B89008B5089 /* CityListViewModel_Tests.swift in Sources */,
				D1E7EFF828E749770073DEC0 /* MockAPIManagerProtocol.swift in Sources */,
				D1E7EFF928E749770073DEC0 /* MockDataManagerProtocol.swift in Sources */,
				D19F122528E74CFE008B5089 /* MockGoogleManagerProtocol.swift in Sources */,
				D19F122728E74D97008B5089 /* CityAddViewModel_Tests.swift in Sources */,
			);
			runOnlyForDeploymentPostprocessing = 0;
		};
/* End PBXSourcesBuildPhase section */

/* Begin PBXTargetDependency section */
		D12009D128E0BD4D00BE55EC /* PBXTargetDependency */ = {
			isa = PBXTargetDependency;
			target = D12009B528E0BD4C00BE55EC /* WeatherApp */;
			targetProxy = D12009D028E0BD4D00BE55EC /* PBXContainerItemProxy */;
		};
/* End PBXTargetDependency section */

/* Begin PBXVariantGroup section */
		D12009BF28E0BD4C00BE55EC /* Main.storyboard */ = {
			isa = PBXVariantGroup;
			children = (
				D12009C028E0BD4C00BE55EC /* Base */,
			);
			name = Main.storyboard;
			sourceTree = "<group>";
		};
		D12009C728E0BD4D00BE55EC /* LaunchScreen.storyboard */ = {
			isa = PBXVariantGroup;
			children = (
				D12009C828E0BD4D00BE55EC /* Base */,
			);
			name = LaunchScreen.storyboard;
			sourceTree = "<group>";
		};
/* End PBXVariantGroup section */

/* Begin XCBuildConfiguration section */
		D12009E128E0BD4D00BE55EC /* Debug */ = {
			isa = XCBuildConfiguration;
			buildSettings = {
				ALWAYS_SEARCH_USER_PATHS = NO;
				CLANG_ANALYZER_NONNULL = YES;
				CLANG_ANALYZER_NUMBER_OBJECT_CONVERSION = YES_AGGRESSIVE;
				CLANG_CXX_LANGUAGE_STANDARD = "gnu++20";
				CLANG_ENABLE_MODULES = YES;
				CLANG_ENABLE_OBJC_ARC = YES;
				CLANG_ENABLE_OBJC_WEAK = YES;
				CLANG_WARN_BLOCK_CAPTURE_AUTORELEASING = YES;
				CLANG_WARN_BOOL_CONVERSION = YES;
				CLANG_WARN_COMMA = YES;
				CLANG_WARN_CONSTANT_CONVERSION = YES;
				CLANG_WARN_DEPRECATED_OBJC_IMPLEMENTATIONS = YES;
				CLANG_WARN_DIRECT_OBJC_ISA_USAGE = YES_ERROR;
				CLANG_WARN_DOCUMENTATION_COMMENTS = YES;
				CLANG_WARN_EMPTY_BODY = YES;
				CLANG_WARN_ENUM_CONVERSION = YES;
				CLANG_WARN_INFINITE_RECURSION = YES;
				CLANG_WARN_INT_CONVERSION = YES;
				CLANG_WARN_NON_LITERAL_NULL_CONVERSION = YES;
				CLANG_WARN_OBJC_IMPLICIT_RETAIN_SELF = YES;
				CLANG_WARN_OBJC_LITERAL_CONVERSION = YES;
				CLANG_WARN_OBJC_ROOT_CLASS = YES_ERROR;
				CLANG_WARN_QUOTED_INCLUDE_IN_FRAMEWORK_HEADER = YES;
				CLANG_WARN_RANGE_LOOP_ANALYSIS = YES;
				CLANG_WARN_STRICT_PROTOTYPES = YES;
				CLANG_WARN_SUSPICIOUS_MOVE = YES;
				CLANG_WARN_UNGUARDED_AVAILABILITY = YES_AGGRESSIVE;
				CLANG_WARN_UNREACHABLE_CODE = YES;
				CLANG_WARN__DUPLICATE_METHOD_MATCH = YES;
				COPY_PHASE_STRIP = NO;
				DEBUG_INFORMATION_FORMAT = dwarf;
				ENABLE_STRICT_OBJC_MSGSEND = YES;
				ENABLE_TESTABILITY = YES;
				GCC_C_LANGUAGE_STANDARD = gnu11;
				GCC_DYNAMIC_NO_PIC = NO;
				GCC_NO_COMMON_BLOCKS = YES;
				GCC_OPTIMIZATION_LEVEL = 0;
				GCC_PREPROCESSOR_DEFINITIONS = (
					"DEBUG=1",
					"$(inherited)",
				);
				GCC_WARN_64_TO_32_BIT_CONVERSION = YES;
				GCC_WARN_ABOUT_RETURN_TYPE = YES_ERROR;
				GCC_WARN_UNDECLARED_SELECTOR = YES;
				GCC_WARN_UNINITIALIZED_AUTOS = YES_AGGRESSIVE;
				GCC_WARN_UNUSED_FUNCTION = YES;
				GCC_WARN_UNUSED_VARIABLE = YES;
				IPHONEOS_DEPLOYMENT_TARGET = 16.0;
				MTL_ENABLE_DEBUG_INFO = INCLUDE_SOURCE;
				MTL_FAST_MATH = YES;
				ONLY_ACTIVE_ARCH = YES;
				SDKROOT = iphoneos;
				SWIFT_ACTIVE_COMPILATION_CONDITIONS = DEBUG;
				SWIFT_OPTIMIZATION_LEVEL = "-Onone";
			};
			name = Debug;
		};
		D12009E228E0BD4D00BE55EC /* Release */ = {
			isa = XCBuildConfiguration;
			buildSettings = {
				ALWAYS_SEARCH_USER_PATHS = NO;
				CLANG_ANALYZER_NONNULL = YES;
				CLANG_ANALYZER_NUMBER_OBJECT_CONVERSION = YES_AGGRESSIVE;
				CLANG_CXX_LANGUAGE_STANDARD = "gnu++20";
				CLANG_ENABLE_MODULES = YES;
				CLANG_ENABLE_OBJC_ARC = YES;
				CLANG_ENABLE_OBJC_WEAK = YES;
				CLANG_WARN_BLOCK_CAPTURE_AUTORELEASING = YES;
				CLANG_WARN_BOOL_CONVERSION = YES;
				CLANG_WARN_COMMA = YES;
				CLANG_WARN_CONSTANT_CONVERSION = YES;
				CLANG_WARN_DEPRECATED_OBJC_IMPLEMENTATIONS = YES;
				CLANG_WARN_DIRECT_OBJC_ISA_USAGE = YES_ERROR;
				CLANG_WARN_DOCUMENTATION_COMMENTS = YES;
				CLANG_WARN_EMPTY_BODY = YES;
				CLANG_WARN_ENUM_CONVERSION = YES;
				CLANG_WARN_INFINITE_RECURSION = YES;
				CLANG_WARN_INT_CONVERSION = YES;
				CLANG_WARN_NON_LITERAL_NULL_CONVERSION = YES;
				CLANG_WARN_OBJC_IMPLICIT_RETAIN_SELF = YES;
				CLANG_WARN_OBJC_LITERAL_CONVERSION = YES;
				CLANG_WARN_OBJC_ROOT_CLASS = YES_ERROR;
				CLANG_WARN_QUOTED_INCLUDE_IN_FRAMEWORK_HEADER = YES;
				CLANG_WARN_RANGE_LOOP_ANALYSIS = YES;
				CLANG_WARN_STRICT_PROTOTYPES = YES;
				CLANG_WARN_SUSPICIOUS_MOVE = YES;
				CLANG_WARN_UNGUARDED_AVAILABILITY = YES_AGGRESSIVE;
				CLANG_WARN_UNREACHABLE_CODE = YES;
				CLANG_WARN__DUPLICATE_METHOD_MATCH = YES;
				COPY_PHASE_STRIP = NO;
				DEBUG_INFORMATION_FORMAT = "dwarf-with-dsym";
				ENABLE_NS_ASSERTIONS = NO;
				ENABLE_STRICT_OBJC_MSGSEND = YES;
				GCC_C_LANGUAGE_STANDARD = gnu11;
				GCC_NO_COMMON_BLOCKS = YES;
				GCC_WARN_64_TO_32_BIT_CONVERSION = YES;
				GCC_WARN_ABOUT_RETURN_TYPE = YES_ERROR;
				GCC_WARN_UNDECLARED_SELECTOR = YES;
				GCC_WARN_UNINITIALIZED_AUTOS = YES_AGGRESSIVE;
				GCC_WARN_UNUSED_FUNCTION = YES;
				GCC_WARN_UNUSED_VARIABLE = YES;
				IPHONEOS_DEPLOYMENT_TARGET = 16.0;
				MTL_ENABLE_DEBUG_INFO = NO;
				MTL_FAST_MATH = YES;
				SDKROOT = iphoneos;
				SWIFT_COMPILATION_MODE = wholemodule;
				SWIFT_OPTIMIZATION_LEVEL = "-O";
				VALIDATE_PRODUCT = YES;
			};
			name = Release;
		};
		D12009E428E0BD4D00BE55EC /* Debug */ = {
			isa = XCBuildConfiguration;
			baseConfigurationReference = 06A78D4C9E86136556FF35E0 /* Pods-WeatherApp.debug.xcconfig */;
			buildSettings = {
				ASSETCATALOG_COMPILER_APPICON_NAME = AppIcon;
				ASSETCATALOG_COMPILER_GLOBAL_ACCENT_COLOR_NAME = AccentColor;
				CODE_SIGN_STYLE = Automatic;
				CURRENT_PROJECT_VERSION = 1;
				DEVELOPMENT_TEAM = 2SPMBW99YZ;
				"EXCLUDED_ARCHS[sdk=iphonesimulator*]" = arm64;
				GENERATE_INFOPLIST_FILE = YES;
				INFOPLIST_FILE = WeatherApp/Info.plist;
				INFOPLIST_KEY_UIApplicationSupportsIndirectInputEvents = YES;
				INFOPLIST_KEY_UILaunchStoryboardName = LaunchScreen;
				INFOPLIST_KEY_UIMainStoryboardFile = Main;
				INFOPLIST_KEY_UISupportedInterfaceOrientations_iPad = "UIInterfaceOrientationPortrait UIInterfaceOrientationPortraitUpsideDown UIInterfaceOrientationLandscapeLeft UIInterfaceOrientationLandscapeRight";
				INFOPLIST_KEY_UISupportedInterfaceOrientations_iPhone = "UIInterfaceOrientationPortrait UIInterfaceOrientationLandscapeLeft UIInterfaceOrientationLandscapeRight";
				LD_RUNPATH_SEARCH_PATHS = (
					"$(inherited)",
					"@executable_path/Frameworks",
				);
				MARKETING_VERSION = 1.0;
				PRODUCT_BUNDLE_IDENTIFIER = com.mleveton.WeatherApp;
				PRODUCT_NAME = "$(TARGET_NAME)";
				SWIFT_EMIT_LOC_STRINGS = YES;
				SWIFT_VERSION = 5.0;
				TARGETED_DEVICE_FAMILY = "1,2";
			};
			name = Debug;
		};
		D12009E528E0BD4D00BE55EC /* Release */ = {
			isa = XCBuildConfiguration;
			baseConfigurationReference = 666F78DF781FCEEDDCF753BC /* Pods-WeatherApp.release.xcconfig */;
			buildSettings = {
				ASSETCATALOG_COMPILER_APPICON_NAME = AppIcon;
				ASSETCATALOG_COMPILER_GLOBAL_ACCENT_COLOR_NAME = AccentColor;
				CODE_SIGN_STYLE = Automatic;
				CURRENT_PROJECT_VERSION = 1;
				DEVELOPMENT_TEAM = 2SPMBW99YZ;
				"EXCLUDED_ARCHS[sdk=iphonesimulator*]" = arm64;
				GENERATE_INFOPLIST_FILE = YES;
				INFOPLIST_FILE = WeatherApp/Info.plist;
				INFOPLIST_KEY_UIApplicationSupportsIndirectInputEvents = YES;
				INFOPLIST_KEY_UILaunchStoryboardName = LaunchScreen;
				INFOPLIST_KEY_UIMainStoryboardFile = Main;
				INFOPLIST_KEY_UISupportedInterfaceOrientations_iPad = "UIInterfaceOrientationPortrait UIInterfaceOrientationPortraitUpsideDown UIInterfaceOrientationLandscapeLeft UIInterfaceOrientationLandscapeRight";
				INFOPLIST_KEY_UISupportedInterfaceOrientations_iPhone = "UIInterfaceOrientationPortrait UIInterfaceOrientationLandscapeLeft UIInterfaceOrientationLandscapeRight";
				LD_RUNPATH_SEARCH_PATHS = (
					"$(inherited)",
					"@executable_path/Frameworks",
				);
				MARKETING_VERSION = 1.0;
				PRODUCT_BUNDLE_IDENTIFIER = com.mleveton.WeatherApp;
				PRODUCT_NAME = "$(TARGET_NAME)";
				SWIFT_EMIT_LOC_STRINGS = YES;
				SWIFT_VERSION = 5.0;
				TARGETED_DEVICE_FAMILY = "1,2";
			};
			name = Release;
		};
		D12009E728E0BD4D00BE55EC /* Debug */ = {
			isa = XCBuildConfiguration;
			buildSettings = {
				ALWAYS_EMBED_SWIFT_STANDARD_LIBRARIES = YES;
				BUNDLE_LOADER = "$(TEST_HOST)";
				CODE_SIGN_STYLE = Automatic;
				CURRENT_PROJECT_VERSION = 1;
				DEVELOPMENT_TEAM = 2SPMBW99YZ;
				"EXCLUDED_ARCHS[sdk=iphonesimulator*]" = arm64;
				GENERATE_INFOPLIST_FILE = YES;
				IPHONEOS_DEPLOYMENT_TARGET = 16.0;
				MARKETING_VERSION = 1.0;
				PRODUCT_BUNDLE_IDENTIFIER = com.mleveton.WeatherAppTests;
				PRODUCT_NAME = "$(TARGET_NAME)";
				SWIFT_EMIT_LOC_STRINGS = NO;
				SWIFT_VERSION = 5.0;
				TARGETED_DEVICE_FAMILY = "1,2";
				TEST_HOST = "$(BUILT_PRODUCTS_DIR)/WeatherApp.app/$(BUNDLE_EXECUTABLE_FOLDER_PATH)/WeatherApp";
			};
			name = Debug;
		};
		D12009E828E0BD4D00BE55EC /* Release */ = {
			isa = XCBuildConfiguration;
			buildSettings = {
				ALWAYS_EMBED_SWIFT_STANDARD_LIBRARIES = YES;
				BUNDLE_LOADER = "$(TEST_HOST)";
				CODE_SIGN_STYLE = Automatic;
				CURRENT_PROJECT_VERSION = 1;
				DEVELOPMENT_TEAM = 2SPMBW99YZ;
				"EXCLUDED_ARCHS[sdk=iphonesimulator*]" = arm64;
				GENERATE_INFOPLIST_FILE = YES;
				IPHONEOS_DEPLOYMENT_TARGET = 16.0;
				MARKETING_VERSION = 1.0;
				PRODUCT_BUNDLE_IDENTIFIER = com.mleveton.WeatherAppTests;
				PRODUCT_NAME = "$(TARGET_NAME)";
				SWIFT_EMIT_LOC_STRINGS = NO;
				SWIFT_VERSION = 5.0;
				TARGETED_DEVICE_FAMILY = "1,2";
				TEST_HOST = "$(BUILT_PRODUCTS_DIR)/WeatherApp.app/$(BUNDLE_EXECUTABLE_FOLDER_PATH)/WeatherApp";
			};
			name = Release;
		};
/* End XCBuildConfiguration section */

/* Begin XCConfigurationList section */
		D12009B128E0BD4C00BE55EC /* Build configuration list for PBXProject "WeatherApp" */ = {
			isa = XCConfigurationList;
			buildConfigurations = (
				D12009E128E0BD4D00BE55EC /* Debug */,
				D12009E228E0BD4D00BE55EC /* Release */,
			);
			defaultConfigurationIsVisible = 0;
			defaultConfigurationName = Release;
		};
		D12009E328E0BD4D00BE55EC /* Build configuration list for PBXNativeTarget "WeatherApp" */ = {
			isa = XCConfigurationList;
			buildConfigurations = (
				D12009E428E0BD4D00BE55EC /* Debug */,
				D12009E528E0BD4D00BE55EC /* Release */,
			);
			defaultConfigurationIsVisible = 0;
			defaultConfigurationName = Release;
		};
		D12009E628E0BD4D00BE55EC /* Build configuration list for PBXNativeTarget "WeatherAppTests" */ = {
			isa = XCConfigurationList;
			buildConfigurations = (
				D12009E728E0BD4D00BE55EC /* Debug */,
				D12009E828E0BD4D00BE55EC /* Release */,
			);
			defaultConfigurationIsVisible = 0;
			defaultConfigurationName = Release;
		};
/* End XCConfigurationList section */

/* Begin XCVersionGroup section */
		D12009C228E0BD4C00BE55EC /* WeatherApp.xcdatamodeld */ = {
			isa = XCVersionGroup;
			children = (
				D12009C328E0BD4C00BE55EC /* WeatherApp.xcdatamodel */,
			);
			currentVersion = D12009C328E0BD4C00BE55EC /* WeatherApp.xcdatamodel */;
			path = WeatherApp.xcdatamodeld;
			sourceTree = "<group>";
			versionGroupType = wrapper.xcdatamodel;
		};
/* End XCVersionGroup section */
	};
	rootObject = D12009AE28E0BD4C00BE55EC /* Project object */;
}
